
Microsoft Visual Studio Solution File, Format Version 12.00
# Visual Studio Version 17
VisualStudioVersion = 17.0.32126.317
MinimumVisualStudioVersion = 10.0.40219.1
Project("{FAE04EC0-301F-11D3-BF4B-00C04F79EFBC}") = "my_task_1", "my_task_1.csproj", "{2632E900-B867-4107-BEEE-ACFC6AA776D8}"
EndProject
Global
	GlobalSection(SolutionConfigurationPlatforms) = preSolution
		Debug|Any CPU = Debug|Any CPU
		Release|Any CPU = Release|Any CPU
	EndGlobalSection
	GlobalSection(ProjectConfigurationPlatforms) = postSolution
		{2632E900-B867-4107-BEEE-ACFC6AA776D8}.Debug|Any CPU.ActiveCfg = Debug|Any CPU
		{2632E900-B867-4107-BEEE-ACFC6AA776D8}.Debug|Any CPU.Build.0 = Debug|Any CPU
		{2632E900-B867-4107-BEEE-ACFC6AA776D8}.Release|Any CPU.ActiveCfg = Release|Any CPU
		{2632E900-B867-4107-BEEE-ACFC6AA776D8}.Release|Any CPU.Build.0 = Release|Any CPU
	EndGlobalSection
	GlobalSection(SolutionProperties) = preSolution
		HideSolutionNode = FALSE
	EndGlobalSection
	GlobalSection(ExtensibilityGlobals) = postSolution
		SolutionGuid = {D14D0535-ACA9-4940-862A-2FFF18DA7C41}
	EndGlobalSection
EndGlobal
